{
  "lockfileVersion": 1,
  "configVersion": 1,
  "workspaces": {
    "": {
      "name": "rawcontext-website",
      "dependencies": {
        "@neondatabase/serverless": "^0.10.4",
      },
      "devDependencies": {
        "@types/node": "^22.10.2",
        "@typescript/native-preview": "^7.0.0-dev",
      },
    },
  },
  "packages": {
    "@neondatabase/serverless": ["@neondatabase/serverless@0.10.4", "", { "dependencies": { "@types/pg": "8.11.6" } }, "sha512-2nZuh3VUO9voBauuh+IGYRhGU/MskWHt1IuZvHcJw6GLjDgtqj/KViKo7SIrLdGLdot7vFbiRRw+BgEy3wT9HA=="],

    "@types/node": ["@types/node@22.19.3", "", { "dependencies": { "undici-types": "~6.21.0" } }, "sha512-1N9SBnWYOJTrNZCdh/yJE+t910Y128BoyY+zBLWhL3r0TYzlTmFdXrPwHL9DyFZmlEXNQQolTZh3KHV31QDhyA=="],

    "@types/pg": ["@types/pg@8.11.6", "", { "dependencies": { "@types/node": "*", "pg-protocol": "*", "pg-types": "^4.0.1" } }, "sha512-/2WmmBXHLsfRqzfHW7BNZ8SbYzE8OSk7i3WjFYvfgRHj7S1xj+16Je5fUKv3lVdVzk/zn9TXOqf+avFCFIE0yQ=="],

    "@typescript/native-preview": ["@typescript/native-preview@7.0.0-dev.20251228.1", "", { "optionalDependencies": { "@typescript/native-preview-darwin-arm64": "7.0.0-dev.20251228.1", "@typescript/native-preview-darwin-x64": "7.0.0-dev.20251228.1", "@typescript/native-preview-linux-arm": "7.0.0-dev.20251228.1", "@typescript/native-preview-linux-arm64": "7.0.0-dev.20251228.1", "@typescript/native-preview-linux-x64": "7.0.0-dev.20251228.1", "@typescript/native-preview-win32-arm64": "7.0.0-dev.20251228.1", "@typescript/native-preview-win32-x64": "7.0.0-dev.20251228.1" }, "bin": { "tsgo": "bin/tsgo.js" } }, "sha512-I7EtWQlXHNtMxahvh9q8TEWKiIzEMU8bv9pqnsyLC0HBnbal2sfhJcjNYchmMo1oNwoCCQSG9nqlkBD3pbIAXw=="],

    "@typescript/native-preview-darwin-arm64": ["@typescript/native-preview-darwin-arm64@7.0.0-dev.20251228.1", "", { "os": "darwin", "cpu": "arm64" }, "sha512-A+5Kf7OivzVYACK0E3pIRGLc5naXjwe0Ngta8jo/fpJNvVclf6DsKaJoos+oMaQdUhBb7sVPgx4dfAaNgaE/ZA=="],

    "@typescript/native-preview-darwin-x64": ["@typescript/native-preview-darwin-x64@7.0.0-dev.20251228.1", "", { "os": "darwin", "cpu": "x64" }, "sha512-QdXEh3Xx/mDR7k0Tmhk4ftlgB/RmAJ5j8sv0g3BNfxuES7GQ8wtkp6/upTKpv9cmSFxY4Mh1NYFsYTH6tNKFCQ=="],

    "@typescript/native-preview-linux-arm": ["@typescript/native-preview-linux-arm@7.0.0-dev.20251228.1", "", { "os": "linux", "cpu": "arm" }, "sha512-xjo91JnzSkD5k9V4/LM2JTKgJZziRr/ZHrLPCXRrt7wMdUIQUnhRZPJ91Rgr640s6pj6Ptuw3RfJrwYdCkXisg=="],

    "@typescript/native-preview-linux-arm64": ["@typescript/native-preview-linux-arm64@7.0.0-dev.20251228.1", "", { "os": "linux", "cpu": "arm64" }, "sha512-qCNTvieo5JIt6cP8yMRcGsJNxBhuK9SVQmY6VIxZlhb0OmnB91pSonMr/dH2UKwytEJmeeiO+Z1Im58H+WEGAw=="],

    "@typescript/native-preview-linux-x64": ["@typescript/native-preview-linux-x64@7.0.0-dev.20251228.1", "", { "os": "linux", "cpu": "x64" }, "sha512-DXNwjkJp6cljPa9d4KK8148P9y9d9tQVkR+evBEOrevUgXmnMUsptWgukCPRQXfPIevWl5x3OsCQ7GP6R8JKig=="],

    "@typescript/native-preview-win32-arm64": ["@typescript/native-preview-win32-arm64@7.0.0-dev.20251228.1", "", { "os": "win32", "cpu": "arm64" }, "sha512-Q7QGcCh6zLE9a5w/PWpPMS2YP+82lzrL7wClDJTrUaQb104Zus3ylaj4cYC7Fx9e4i4p+Zb2eKn7uPWT1D337w=="],

    "@typescript/native-preview-win32-x64": ["@typescript/native-preview-win32-x64@7.0.0-dev.20251228.1", "", { "os": "win32", "cpu": "x64" }, "sha512-rAFJdV5rq9Y+8MDtqWlJKkS2LHw0+fND4jI2mSbmgl25yN1FkC395ydKxBIKl0oFRHFUZPCe65GyZtCTX9wAJg=="],

    "obuf": ["obuf@1.1.2", "", {}, "sha512-PX1wu0AmAdPqOL1mWhqmlOd8kOIZQwGZw6rh7uby9fTc5lhaOWFLX3I6R1hrF9k3zUY40e6igsLGkDXK92LJNg=="],

    "pg-int8": ["pg-int8@1.0.1", "", {}, "sha512-WCtabS6t3c8SkpDBUlb1kjOs7l66xsGdKpIPZsg4wR+B3+u9UAum2odSsF9tnvxg80h4ZxLWMy4pRjOsFIqQpw=="],

    "pg-numeric": ["pg-numeric@1.0.2", "", {}, "sha512-BM/Thnrw5jm2kKLE5uJkXqqExRUY/toLHda65XgFTBTFYZyopbKjBe29Ii3RbkvlsMoFwD+tHeGaCjjv0gHlyw=="],

    "pg-protocol": ["pg-protocol@1.10.3", "", {}, "sha512-6DIBgBQaTKDJyxnXaLiLR8wBpQQcGWuAESkRBX/t6OwA8YsqP+iVSiond2EDy6Y/dsGk8rh/jtax3js5NeV7JQ=="],

    "pg-types": ["pg-types@4.1.0", "", { "dependencies": { "pg-int8": "1.0.1", "pg-numeric": "1.0.2", "postgres-array": "~3.0.1", "postgres-bytea": "~3.0.0", "postgres-date": "~2.1.0", "postgres-interval": "^3.0.0", "postgres-range": "^1.1.1" } }, "sha512-o2XFanIMy/3+mThw69O8d4n1E5zsLhdO+OPqswezu7Z5ekP4hYDqlDjlmOpYMbzY2Br0ufCwJLdDIXeNVwcWFg=="],

    "postgres-array": ["postgres-array@3.0.4", "", {}, "sha512-nAUSGfSDGOaOAEGwqsRY27GPOea7CNipJPOA7lPbdEpx5Kg3qzdP0AaWC5MlhTWV9s4hFX39nomVZ+C4tnGOJQ=="],

    "postgres-bytea": ["postgres-bytea@3.0.0", "", { "dependencies": { "obuf": "~1.1.2" } }, "sha512-CNd4jim9RFPkObHSjVHlVrxoVQXz7quwNFpz7RY1okNNme49+sVyiTvTRobiLV548Hx/hb1BG+iE7h9493WzFw=="],

    "postgres-date": ["postgres-date@2.1.0", "", {}, "sha512-K7Juri8gtgXVcDfZttFKVmhglp7epKb1K4pgrkLxehjqkrgPhfG6OO8LHLkfaqkbpjNRnra018XwAr1yQFWGcA=="],

    "postgres-interval": ["postgres-interval@3.0.0", "", {}, "sha512-BSNDnbyZCXSxgA+1f5UU2GmwhoI0aU5yMxRGO8CdFEcY2BQF9xm/7MqKnYoM1nJDk8nONNWDk9WeSmePFhQdlw=="],

    "postgres-range": ["postgres-range@1.1.4", "", {}, "sha512-i/hbxIE9803Alj/6ytL7UHQxRvZkI9O4Sy+J3HGc4F4oo/2eQAjTSNJ0bfxyse3bH0nuVesCk+3IRLaMtG3H6w=="],

    "undici-types": ["undici-types@6.21.0", "", {}, "sha512-iwDZqg0QAGrg9Rav5H4n0M64c3mkR59cJ6wQp+7C4nI0gsmExaedaYLNO44eT4AtBBwjbTiGPMlt2Md0T9H9JQ=="],
  }
}
